
Microsoft Visual Studio Solution File, Format Version 12.00
# Visual Studio Version 17
VisualStudioVersion = 17.10.35013.160
MinimumVisualStudioVersion = 10.0.40219.1
Project("{FAE04EC0-301F-11D3-BF4B-00C04F79EFBC}") = "datos", "datos\datos.csproj", "{BF72137A-F2E1-409B-A20C-DDF3877C2BB8}"
EndProject
Project("{FAE04EC0-301F-11D3-BF4B-00C04F79EFBC}") = "WebApi", "WebApi\WebApi.csproj", "{7DD84D39-AB1C-4A3B-9562-1533618D27E2}"
EndProject
Global
	GlobalSection(SolutionConfigurationPlatforms) = preSolution
		Debug|Any CPU = Debug|Any CPU
		Release|Any CPU = Release|Any CPU
	EndGlobalSection
	GlobalSection(ProjectConfigurationPlatforms) = postSolution
		{BF72137A-F2E1-409B-A20C-DDF3877C2BB8}.Debug|Any CPU.ActiveCfg = Debug|Any CPU
		{BF72137A-F2E1-409B-A20C-DDF3877C2BB8}.Debug|Any CPU.Build.0 = Debug|Any CPU
		{BF72137A-F2E1-409B-A20C-DDF3877C2BB8}.Release|Any CPU.ActiveCfg = Release|Any CPU
		{BF72137A-F2E1-409B-A20C-DDF3877C2BB8}.Release|Any CPU.Build.0 = Release|Any CPU
		{7DD84D39-AB1C-4A3B-9562-1533618D27E2}.Debug|Any CPU.ActiveCfg = Debug|Any CPU
		{7DD84D39-AB1C-4A3B-9562-1533618D27E2}.Debug|Any CPU.Build.0 = Debug|Any CPU
		{7DD84D39-AB1C-4A3B-9562-1533618D27E2}.Release|Any CPU.ActiveCfg = Release|Any CPU
		{7DD84D39-AB1C-4A3B-9562-1533618D27E2}.Release|Any CPU.Build.0 = Release|Any CPU
	EndGlobalSection
	GlobalSection(SolutionProperties) = preSolution
		HideSolutionNode = FALSE
	EndGlobalSection
	GlobalSection(ExtensibilityGlobals) = postSolution
		SolutionGuid = {A404FF17-DE1E-4BDA-96EE-718C3F0EEDDD}
	EndGlobalSection
EndGlobal
